
Microsoft Visual Studio Solution File, Format Version 12.00
# Visual Studio Version 16
VisualStudioVersion = 16.0.28922.388
MinimumVisualStudioVersion = 10.0.40219.1
Project("{FAE04EC0-301F-11D3-BF4B-00C04F79EFBC}") = "Panacea.Modules.ScreenCast", "Panacea.Modules.ScreenCast\Panacea.Modules.ScreenCast.csproj", "{937111C6-CF0E-47AD-BA33-B97E58E9F716}"
EndProject
Global
	GlobalSection(SolutionConfigurationPlatforms) = preSolution
		Debug|Any CPU = Debug|Any CPU
		Debug|x64 = Debug|x64
		Debug|x86 = Debug|x86
		Release|Any CPU = Release|Any CPU
		Release|x64 = Release|x64
		Release|x86 = Release|x86
	EndGlobalSection
	GlobalSection(ProjectConfigurationPlatforms) = postSolution
		{937111C6-CF0E-47AD-BA33-B97E58E9F716}.Debug|Any CPU.ActiveCfg = Debug|Any CPU
		{937111C6-CF0E-47AD-BA33-B97E58E9F716}.Debug|Any CPU.Build.0 = Debug|Any CPU
		{937111C6-CF0E-47AD-BA33-B97E58E9F716}.Debug|x64.ActiveCfg = Debug|x64
		{937111C6-CF0E-47AD-BA33-B97E58E9F716}.Debug|x64.Build.0 = Debug|x64
		{937111C6-CF0E-47AD-BA33-B97E58E9F716}.Debug|x86.ActiveCfg = Debug|x86
		{937111C6-CF0E-47AD-BA33-B97E58E9F716}.Debug|x86.Build.0 = Debug|x86
		{937111C6-CF0E-47AD-BA33-B97E58E9F716}.Release|Any CPU.ActiveCfg = Release|Any CPU
		{937111C6-CF0E-47AD-BA33-B97E58E9F716}.Release|Any CPU.Build.0 = Release|Any CPU
		{937111C6-CF0E-47AD-BA33-B97E58E9F716}.Release|x64.ActiveCfg = Release|x64
		{937111C6-CF0E-47AD-BA33-B97E58E9F716}.Release|x64.Build.0 = Release|x64
		{937111C6-CF0E-47AD-BA33-B97E58E9F716}.Release|x86.ActiveCfg = Release|x86
		{937111C6-CF0E-47AD-BA33-B97E58E9F716}.Release|x86.Build.0 = Release|x86
	EndGlobalSection
	GlobalSection(SolutionProperties) = preSolution
		HideSolutionNode = FALSE
	EndGlobalSection
	GlobalSection(ExtensibilityGlobals) = postSolution
		SolutionGuid = {5615D3CC-9EE8-499E-903A-76CBF00D20A1}
	EndGlobalSection
EndGlobal
